
Microsoft Visual Studio Solution File, Format Version 12.00
# Visual Studio Version 16
VisualStudioVersion = 16.0.29920.165
MinimumVisualStudioVersion = 10.0.40219.1
Project("{FAE04EC0-301F-11D3-BF4B-00C04F79EFBC}") = "ConsoleApp15", "ConsoleApp15\ConsoleApp15.csproj", "{D600D0B0-06CA-4D82-9729-F8E1B321E23E}"
EndProject
Global
	GlobalSection(SolutionConfigurationPlatforms) = preSolution
		Debug|Any CPU = Debug|Any CPU
		Release|Any CPU = Release|Any CPU
	EndGlobalSection
	GlobalSection(ProjectConfigurationPlatforms) = postSolution
		{D600D0B0-06CA-4D82-9729-F8E1B321E23E}.Debug|Any CPU.ActiveCfg = Debug|Any CPU
		{D600D0B0-06CA-4D82-9729-F8E1B321E23E}.Debug|Any CPU.Build.0 = Debug|Any CPU
		{D600D0B0-06CA-4D82-9729-F8E1B321E23E}.Release|Any CPU.ActiveCfg = Release|Any CPU
		{D600D0B0-06CA-4D82-9729-F8E1B321E23E}.Release|Any CPU.Build.0 = Release|Any CPU
	EndGlobalSection
	GlobalSection(SolutionProperties) = preSolution
		HideSolutionNode = FALSE
	EndGlobalSection
	GlobalSection(ExtensibilityGlobals) = postSolution
		SolutionGuid = {15F9BA91-E992-4FCA-89E3-C729AAA98A8B}
	EndGlobalSection
EndGlobal
